
Microsoft Visual Studio Solution File, Format Version 12.00
# Visual Studio 2013
VisualStudioVersion = 12.0.31101.0
MinimumVisualStudioVersion = 10.0.40219.1
Project("{F184B08F-C81C-45F6-A57F-5ABD9991F28F}") = "gdx_editor_tools", "gdx_editor_tools\gdx_editor_tools.vbproj", "{81CA4B3E-5564-4186-8255-A66DDF31F122}"
EndProject
Global
	GlobalSection(SolutionConfigurationPlatforms) = preSolution
		CD_ROM|x86 = CD_ROM|x86
		Debug|x86 = Debug|x86
		DVD-5|x86 = DVD-5|x86
		Release|x86 = Release|x86
		SingleImage|x86 = SingleImage|x86
	EndGlobalSection
	GlobalSection(ProjectConfigurationPlatforms) = postSolution
		{81CA4B3E-5564-4186-8255-A66DDF31F122}.CD_ROM|x86.ActiveCfg = Release|Any CPU
		{81CA4B3E-5564-4186-8255-A66DDF31F122}.Debug|x86.ActiveCfg = Debug|Any CPU
		{81CA4B3E-5564-4186-8255-A66DDF31F122}.DVD-5|x86.ActiveCfg = Debug|Any CPU
		{81CA4B3E-5564-4186-8255-A66DDF31F122}.Release|x86.ActiveCfg = Release|Any CPU
		{81CA4B3E-5564-4186-8255-A66DDF31F122}.SingleImage|x86.ActiveCfg = Release|Any CPU
	EndGlobalSection
	GlobalSection(SolutionProperties) = preSolution
		HideSolutionNode = FALSE
	EndGlobalSection
EndGlobal
